{
  "nodes": {
    "nixpkgs": {
      "locked": {
        "lastModified": 1748572992,
        "narHash": "sha256-+5pawvHUmwguFMX2lVWLG+k6/f81TBH/O+h0B7+yh4k=",
        "owner": "NixOS",
        "repo": "nixpkgs",
        "rev": "054a9606fb33d433cec45ee352d679c24eeaf6ff",
        "type": "github"
      },
      "original": {
        "owner": "NixOS",
        "ref": "release-25.05",
        "repo": "nixpkgs",
        "type": "github"
      }
    },
    "nixunstable": {
      "locked": {
        "lastModified": 1748506378,
        "narHash": "sha256-oS0Gxh63Df8b8r04lqEYDDLKhHIrVr9/JLOn2bn8JaI=",
        "owner": "NixOS",
        "repo": "nixpkgs",
        "rev": "3866ad91cfc172f08a6839def503d8fc2923c603",
        "type": "github"
      },
      "original": {
        "owner": "NixOS",
        "ref": "nixpkgs-unstable",
        "repo": "nixpkgs",
        "type": "github"
      }
    },
    "root": {
      "inputs": {
        "nixpkgs": "nixpkgs",
        "nixunstable": "nixunstable"
      }
    }
  },
  "root": "root",
  "version": 7
}
